
Microsoft Visual Studio Solution File, Format Version 12.00
# Visual Studio Version 16
VisualStudioVersion = 16.0.29613.14
MinimumVisualStudioVersion = 10.0.40219.1
Project("{FAE04EC0-301F-11D3-BF4B-00C04F79EFBC}") = "SalesWebMVC", "SalesWebMVC\SalesWebMVC.csproj", "{A96C652F-2154-4309-A39E-01F6DF91B757}"
EndProject
Global
	GlobalSection(SolutionConfigurationPlatforms) = preSolution
		Debug|Any CPU = Debug|Any CPU
		Release|Any CPU = Release|Any CPU
	EndGlobalSection
	GlobalSection(ProjectConfigurationPlatforms) = postSolution
		{A96C652F-2154-4309-A39E-01F6DF91B757}.Debug|Any CPU.ActiveCfg = Debug|Any CPU
		{A96C652F-2154-4309-A39E-01F6DF91B757}.Debug|Any CPU.Build.0 = Debug|Any CPU
		{A96C652F-2154-4309-A39E-01F6DF91B757}.Release|Any CPU.ActiveCfg = Release|Any CPU
		{A96C652F-2154-4309-A39E-01F6DF91B757}.Release|Any CPU.Build.0 = Release|Any CPU
	EndGlobalSection
	GlobalSection(SolutionProperties) = preSolution
		HideSolutionNode = FALSE
	EndGlobalSection
	GlobalSection(ExtensibilityGlobals) = postSolution
		SolutionGuid = {3D750D27-443A-455C-8CB9-1F3ECD04DC86}
	EndGlobalSection
EndGlobal
